
Microsoft Visual Studio Solution File, Format Version 12.00
# Visual Studio Version 17
VisualStudioVersion = 17.3.32922.545
MinimumVisualStudioVersion = 10.0.40219.1
Project("{FAE04EC0-301F-11D3-BF4B-00C04F79EFBC}") = "CodingDojo-Diamond", "CodingDojo-Diamond\CodingDojo-Diamond.csproj", "{77B3701E-379F-47DB-A3D8-6D6EED792EF0}"
EndProject
Project("{FAE04EC0-301F-11D3-BF4B-00C04F79EFBC}") = "TestProject", "TestProject\TestProject.csproj", "{C659B786-F54C-4D08-BC5A-77827D6D2240}"
EndProject
Global
	GlobalSection(SolutionConfigurationPlatforms) = preSolution
		Debug|Any CPU = Debug|Any CPU
		Release|Any CPU = Release|Any CPU
	EndGlobalSection
	GlobalSection(ProjectConfigurationPlatforms) = postSolution
		{77B3701E-379F-47DB-A3D8-6D6EED792EF0}.Debug|Any CPU.ActiveCfg = Debug|Any CPU
		{77B3701E-379F-47DB-A3D8-6D6EED792EF0}.Debug|Any CPU.Build.0 = Debug|Any CPU
		{77B3701E-379F-47DB-A3D8-6D6EED792EF0}.Release|Any CPU.ActiveCfg = Release|Any CPU
		{77B3701E-379F-47DB-A3D8-6D6EED792EF0}.Release|Any CPU.Build.0 = Release|Any CPU
		{C659B786-F54C-4D08-BC5A-77827D6D2240}.Debug|Any CPU.ActiveCfg = Debug|Any CPU
		{C659B786-F54C-4D08-BC5A-77827D6D2240}.Debug|Any CPU.Build.0 = Debug|Any CPU
		{C659B786-F54C-4D08-BC5A-77827D6D2240}.Release|Any CPU.ActiveCfg = Release|Any CPU
		{C659B786-F54C-4D08-BC5A-77827D6D2240}.Release|Any CPU.Build.0 = Release|Any CPU
	EndGlobalSection
	GlobalSection(SolutionProperties) = preSolution
		HideSolutionNode = FALSE
	EndGlobalSection
	GlobalSection(ExtensibilityGlobals) = postSolution
		SolutionGuid = {24F8E4E0-57F0-45BE-83B0-0B8437D889B0}
	EndGlobalSection
EndGlobal
